// !$*UTF8*$!
{
	archiveVersion = 1;
	classes = {
	};
	objectVersion = 50;
	objects = {

/* Begin PBXBuildFile section */
		CA34BCBD245E04D50014F1DE /* Subscription.swift in Sources */ = {isa = PBXBuildFile; fileRef = CA34BCBC245E04D50014F1DE /* Subscription.swift */; };
		CA34BCBF245E05050014F1DE /* Convertible.swift in Sources */ = {isa = PBXBuildFile; fileRef = CA34BCBE245E05050014F1DE /* Convertible.swift */; };
		CAE9D524245DFDA00084B491 /* SecondView.swift in Sources */ = {isa = PBXBuildFile; fileRef = CAE9D51E245DFDA00084B491 /* SecondView.swift */; };
		CAE9D525245DFDA00084B491 /* SecondModel.swift in Sources */ = {isa = PBXBuildFile; fileRef = CAE9D51F245DFDA00084B491 /* SecondModel.swift */; };
		CAE9D527245DFDA00084B491 /* SecondPresenter.swift in Sources */ = {isa = PBXBuildFile; fileRef = CAE9D521245DFDA00084B491 /* SecondPresenter.swift */; };
		CAFDDD38245D9AA4005C5E85 /* AppDelegate.swift in Sources */ = {isa = PBXBuildFile; fileRef = CAFDDD37245D9AA4005C5E85 /* AppDelegate.swift */; };
		CAFDDD3E245D9AA6005C5E85 /* Assets.xcassets in Resources */ = {isa = PBXBuildFile; fileRef = CAFDDD3D245D9AA6005C5E85 /* Assets.xcassets */; };
		CAFDDD44245D9AA6005C5E85 /* LaunchScreen.storyboard in Resources */ = {isa = PBXBuildFile; fileRef = CAFDDD42245D9AA6005C5E85 /* LaunchScreen.storyboard */; };
		CAFDDD66245DBD6F005C5E85 /* Observer.swift in Sources */ = {isa = PBXBuildFile; fileRef = CAFDDD63245DBD6F005C5E85 /* Observer.swift */; };
		CAFDDD67245DBD6F005C5E85 /* Registry.swift in Sources */ = {isa = PBXBuildFile; fileRef = CAFDDD64245DBD6F005C5E85 /* Registry.swift */; };
		CAFDDD68245DBD6F005C5E85 /* Observable.swift in Sources */ = {isa = PBXBuildFile; fileRef = CAFDDD65245DBD6F005C5E85 /* Observable.swift */; };
		CAFDDD6B245DBD97005C5E85 /* Example.swift in Sources */ = {isa = PBXBuildFile; fileRef = CAFDDD6A245DBD97005C5E85 /* Example.swift */; };
		CAFDDD77245DBFDB005C5E85 /* FirstView.swift in Sources */ = {isa = PBXBuildFile; fileRef = CAFDDD71245DBFDB005C5E85 /* FirstView.swift */; };
		CAFDDD78245DBFDB005C5E85 /* FirstModel.swift in Sources */ = {isa = PBXBuildFile; fileRef = CAFDDD72245DBFDB005C5E85 /* FirstModel.swift */; };
		CAFDDD7A245DBFDB005C5E85 /* FirstPresenter.swift in Sources */ = {isa = PBXBuildFile; fileRef = CAFDDD74245DBFDB005C5E85 /* FirstPresenter.swift */; };
		CAFDDD7E245DC0C0005C5E85 /* RecordingService.swift in Sources */ = {isa = PBXBuildFile; fileRef = CAFDDD7D245DC0C0005C5E85 /* RecordingService.swift */; };
		CAFDDD80245DC4AB005C5E85 /* RootRouter.swift in Sources */ = {isa = PBXBuildFile; fileRef = CAFDDD7F245DC4AB005C5E85 /* RootRouter.swift */; };
		CAFDDD82245DC524005C5E85 /* FirstRouter.swift in Sources */ = {isa = PBXBuildFile; fileRef = CAFDDD81245DC524005C5E85 /* FirstRouter.swift */; };
/* End PBXBuildFile section */

/* Begin PBXFileReference section */
		CA34BCBC245E04D50014F1DE /* Subscription.swift */ = {isa = PBXFileReference; lastKnownFileType = sourcecode.swift; path = Subscription.swift; sourceTree = "<group>"; };
		CA34BCBE245E05050014F1DE /* Convertible.swift */ = {isa = PBXFileReference; lastKnownFileType = sourcecode.swift; path = Convertible.swift; sourceTree = "<group>"; };
		CAE9D51E245DFDA00084B491 /* SecondView.swift */ = {isa = PBXFileReference; lastKnownFileType = sourcecode.swift; path = SecondView.swift; sourceTree = "<group>"; };
		CAE9D51F245DFDA00084B491 /* SecondModel.swift */ = {isa = PBXFileReference; lastKnownFileType = sourcecode.swift; path = SecondModel.swift; sourceTree = "<group>"; };
		CAE9D521245DFDA00084B491 /* SecondPresenter.swift */ = {isa = PBXFileReference; lastKnownFileType = sourcecode.swift; path = SecondPresenter.swift; sourceTree = "<group>"; };
		CAFDDD34245D9AA4005C5E85 /* ObservationRegistry.app */ = {isa = PBXFileReference; explicitFileType = wrapper.application; includeInIndex = 0; path = ObservationRegistry.app; sourceTree = BUILT_PRODUCTS_DIR; };
		CAFDDD37245D9AA4005C5E85 /* AppDelegate.swift */ = {isa = PBXFileReference; lastKnownFileType = sourcecode.swift; path = AppDelegate.swift; sourceTree = "<group>"; };
		CAFDDD3D245D9AA6005C5E85 /* Assets.xcassets */ = {isa = PBXFileReference; lastKnownFileType = folder.assetcatalog; path = Assets.xcassets; sourceTree = "<group>"; };
		CAFDDD43245D9AA6005C5E85 /* Base */ = {isa = PBXFileReference; lastKnownFileType = file.storyboard; name = Base; path = Base.lproj/LaunchScreen.storyboard; sourceTree = "<group>"; };
		CAFDDD45245D9AA6005C5E85 /* Info.plist */ = {isa = PBXFileReference; lastKnownFileType = text.plist.xml; path = Info.plist; sourceTree = "<group>"; };
		CAFDDD63245DBD6F005C5E85 /* Observer.swift */ = {isa = PBXFileReference; fileEncoding = 4; lastKnownFileType = sourcecode.swift; path = Observer.swift; sourceTree = "<group>"; };
		CAFDDD64245DBD6F005C5E85 /* Registry.swift */ = {isa = PBXFileReference; fileEncoding = 4; lastKnownFileType = sourcecode.swift; path = Registry.swift; sourceTree = "<group>"; };
		CAFDDD65245DBD6F005C5E85 /* Observable.swift */ = {isa = PBXFileReference; fileEncoding = 4; lastKnownFileType = sourcecode.swift; path = Observable.swift; sourceTree = "<group>"; };
		CAFDDD6A245DBD97005C5E85 /* Example.swift */ = {isa = PBXFileReference; lastKnownFileType = sourcecode.swift; path = Example.swift; sourceTree = "<group>"; };
		CAFDDD71245DBFDB005C5E85 /* FirstView.swift */ = {isa = PBXFileReference; lastKnownFileType = sourcecode.swift; path = FirstView.swift; sourceTree = "<group>"; };
		CAFDDD72245DBFDB005C5E85 /* FirstModel.swift */ = {isa = PBXFileReference; lastKnownFileType = sourcecode.swift; path = FirstModel.swift; sourceTree = "<group>"; };
		CAFDDD74245DBFDB005C5E85 /* FirstPresenter.swift */ = {isa = PBXFileReference; lastKnownFileType = sourcecode.swift; path = FirstPresenter.swift; sourceTree = "<group>"; };
		CAFDDD7D245DC0C0005C5E85 /* RecordingService.swift */ = {isa = PBXFileReference; lastKnownFileType = sourcecode.swift; path = RecordingService.swift; sourceTree = "<group>"; };
		CAFDDD7F245DC4AB005C5E85 /* RootRouter.swift */ = {isa = PBXFileReference; lastKnownFileType = sourcecode.swift; path = RootRouter.swift; sourceTree = "<group>"; };
		CAFDDD81245DC524005C5E85 /* FirstRouter.swift */ = {isa = PBXFileReference; lastKnownFileType = sourcecode.swift; path = FirstRouter.swift; sourceTree = "<group>"; };
/* End PBXFileReference section */

/* Begin PBXFrameworksBuildPhase section */
		CAFDDD31245D9AA4005C5E85 /* Frameworks */ = {
			isa = PBXFrameworksBuildPhase;
			buildActionMask = 2147483647;
			files = (
			);
			runOnlyForDeploymentPostprocessing = 0;
		};
/* End PBXFrameworksBuildPhase section */

/* Begin PBXGroup section */
		CAFDDD2B245D9AA4005C5E85 = {
			isa = PBXGroup;
			children = (
				CAFDDD62245DBD6F005C5E85 /* Observation */,
				CAFDDD36245D9AA4005C5E85 /* ObservationRegistry */,
				CAFDDD35245D9AA4005C5E85 /* Products */,
			);
			sourceTree = "<group>";
		};
		CAFDDD35245D9AA4005C5E85 /* Products */ = {
			isa = PBXGroup;
			children = (
				CAFDDD34245D9AA4005C5E85 /* ObservationRegistry.app */,
			);
			name = Products;
			sourceTree = "<group>";
		};
		CAFDDD36245D9AA4005C5E85 /* ObservationRegistry */ = {
			isa = PBXGroup;
			children = (
				CAFDDD7F245DC4AB005C5E85 /* RootRouter.swift */,
				CAFDDD70245DBF5A005C5E85 /* Services */,
				CAFDDD6F245DBF50005C5E85 /* Screens */,
				CAFDDD37245D9AA4005C5E85 /* AppDelegate.swift */,
				CAFDDD3D245D9AA6005C5E85 /* Assets.xcassets */,
				CAFDDD42245D9AA6005C5E85 /* LaunchScreen.storyboard */,
				CAFDDD45245D9AA6005C5E85 /* Info.plist */,
			);
			path = ObservationRegistry;
			sourceTree = "<group>";
		};
		CAFDDD62245DBD6F005C5E85 /* Observation */ = {
			isa = PBXGroup;
			children = (
				CAFDDD69245DBD7B005C5E85 /* UsageExample  */,
				CAFDDD63245DBD6F005C5E85 /* Observer.swift */,
				CAFDDD64245DBD6F005C5E85 /* Registry.swift */,
				CAFDDD65245DBD6F005C5E85 /* Observable.swift */,
				CA34BCBC245E04D50014F1DE /* Subscription.swift */,
				CA34BCBE245E05050014F1DE /* Convertible.swift */,
			);
			path = Observation;
			sourceTree = "<group>";
		};
		CAFDDD69245DBD7B005C5E85 /* UsageExample  */ = {
			isa = PBXGroup;
			children = (
				CAFDDD6A245DBD97005C5E85 /* Example.swift */,
			);
			path = "UsageExample ";
			sourceTree = "<group>";
		};
		CAFDDD6C245DBF36005C5E85 /* FirstScreen */ = {
			isa = PBXGroup;
			children = (
				CAFDDD71245DBFDB005C5E85 /* FirstView.swift */,
				CAFDDD72245DBFDB005C5E85 /* FirstModel.swift */,
				CAFDDD74245DBFDB005C5E85 /* FirstPresenter.swift */,
				CAFDDD81245DC524005C5E85 /* FirstRouter.swift */,
			);
			path = FirstScreen;
			sourceTree = "<group>";
		};
		CAFDDD6E245DBF48005C5E85 /* SecondScreen */ = {
			isa = PBXGroup;
			children = (
				CAE9D51E245DFDA00084B491 /* SecondView.swift */,
				CAE9D51F245DFDA00084B491 /* SecondModel.swift */,
				CAE9D521245DFDA00084B491 /* SecondPresenter.swift */,
			);
			path = SecondScreen;
			sourceTree = "<group>";
		};
		CAFDDD6F245DBF50005C5E85 /* Screens */ = {
			isa = PBXGroup;
			children = (
				CAFDDD6E245DBF48005C5E85 /* SecondScreen */,
				CAFDDD6C245DBF36005C5E85 /* FirstScreen */,
			);
			path = Screens;
			sourceTree = "<group>";
		};
		CAFDDD70245DBF5A005C5E85 /* Services */ = {
			isa = PBXGroup;
			children = (
				CAFDDD7D245DC0C0005C5E85 /* RecordingService.swift */,
			);
			path = Services;
			sourceTree = "<group>";
		};
/* End PBXGroup section */

/* Begin PBXNativeTarget section */
		CAFDDD33245D9AA4005C5E85 /* ObservationRegistry */ = {
			isa = PBXNativeTarget;
			buildConfigurationList = CAFDDD48245D9AA6005C5E85 /* Build configuration list for PBXNativeTarget "ObservationRegistry" */;
			buildPhases = (
				CAFDDD30245D9AA4005C5E85 /* Sources */,
				CAFDDD31245D9AA4005C5E85 /* Frameworks */,
				CAFDDD32245D9AA4005C5E85 /* Resources */,
			);
			buildRules = (
			);
			dependencies = (
			);
			name = ObservationRegistry;
			productName = ObservationRegistry;
			productReference = CAFDDD34245D9AA4005C5E85 /* ObservationRegistry.app */;
			productType = "com.apple.product-type.application";
		};
/* End PBXNativeTarget section */

/* Begin PBXProject section */
		CAFDDD2C245D9AA4005C5E85 /* Project object */ = {
			isa = PBXProject;
			attributes = {
				LastSwiftUpdateCheck = 1130;
				LastUpgradeCheck = 1130;
				ORGANIZATIONNAME = "Uladzislau Kachan";
				TargetAttributes = {
					CAFDDD33245D9AA4005C5E85 = {
						CreatedOnToolsVersion = 11.3.1;
					};
				};
			};
			buildConfigurationList = CAFDDD2F245D9AA4005C5E85 /* Build configuration list for PBXProject "ObservationRegistry" */;
			compatibilityVersion = "Xcode 9.3";
			developmentRegion = en;
			hasScannedForEncodings = 0;
			knownRegions = (
				en,
				Base,
			);
			mainGroup = CAFDDD2B245D9AA4005C5E85;
			productRefGroup = CAFDDD35245D9AA4005C5E85 /* Products */;
			projectDirPath = "";
			projectRoot = "";
			targets = (
				CAFDDD33245D9AA4005C5E85 /* ObservationRegistry */,
			);
		};
/* End PBXProject section */

/* Begin PBXResourcesBuildPhase section */
		CAFDDD32245D9AA4005C5E85 /* Resources */ = {
			isa = PBXResourcesBuildPhase;
			buildActionMask = 2147483647;
			files = (
				CAFDDD44245D9AA6005C5E85 /* LaunchScreen.storyboard in Resources */,
				CAFDDD3E245D9AA6005C5E85 /* Assets.xcassets in Resources */,
			);
			runOnlyForDeploymentPostprocessing = 0;
		};
/* End PBXResourcesBuildPhase section */

/* Begin PBXSourcesBuildPhase section */
		CAFDDD30245D9AA4005C5E85 /* Sources */ = {
			isa = PBXSourcesBuildPhase;
			buildActionMask = 2147483647;
			files = (
				CAFDDD82245DC524005C5E85 /* FirstRouter.swift in Sources */,
				CAFDDD7A245DBFDB005C5E85 /* FirstPresenter.swift in Sources */,
				CAFDDD78245DBFDB005C5E85 /* FirstModel.swift in Sources */,
				CAFDDD68245DBD6F005C5E85 /* Observable.swift in Sources */,
				CAFDDD7E245DC0C0005C5E85 /* RecordingService.swift in Sources */,
				CAFDDD38245D9AA4005C5E85 /* AppDelegate.swift in Sources */,
				CAE9D525245DFDA00084B491 /* SecondModel.swift in Sources */,
				CAFDDD77245DBFDB005C5E85 /* FirstView.swift in Sources */,
				CAE9D527245DFDA00084B491 /* SecondPresenter.swift in Sources */,
				CA34BCBF245E05050014F1DE /* Convertible.swift in Sources */,
				CA34BCBD245E04D50014F1DE /* Subscription.swift in Sources */,
				CAFDDD80245DC4AB005C5E85 /* RootRouter.swift in Sources */,
				CAE9D524245DFDA00084B491 /* SecondView.swift in Sources */,
				CAFDDD66245DBD6F005C5E85 /* Observer.swift in Sources */,
				CAFDDD67245DBD6F005C5E85 /* Registry.swift in Sources */,
				CAFDDD6B245DBD97005C5E85 /* Example.swift in Sources */,
			);
			runOnlyForDeploymentPostprocessing = 0;
		};
/* End PBXSourcesBuildPhase section */

/* Begin PBXVariantGroup section */
		CAFDDD42245D9AA6005C5E85 /* LaunchScreen.storyboard */ = {
			isa = PBXVariantGroup;
			children = (
				CAFDDD43245D9AA6005C5E85 /* Base */,
			);
			name = LaunchScreen.storyboard;
			sourceTree = "<group>";
		};
/* End PBXVariantGroup section */

/* Begin XCBuildConfiguration section */
		CAFDDD46245D9AA6005C5E85 /* Debug */ = {
			isa = XCBuildConfiguration;
			buildSettings = {
				ALWAYS_SEARCH_USER_PATHS = NO;
				CLANG_ANALYZER_NONNULL = YES;
				CLANG_ANALYZER_NUMBER_OBJECT_CONVERSION = YES_AGGRESSIVE;
				CLANG_CXX_LANGUAGE_STANDARD = "gnu++14";
				CLANG_CXX_LIBRARY = "libc++";
				CLANG_ENABLE_MODULES = YES;
				CLANG_ENABLE_OBJC_ARC = YES;
				CLANG_ENABLE_OBJC_WEAK = YES;
				CLANG_WARN_BLOCK_CAPTURE_AUTORELEASING = YES;
				CLANG_WARN_BOOL_CONVERSION = YES;
				CLANG_WARN_COMMA = YES;
				CLANG_WARN_CONSTANT_CONVERSION = YES;
				CLANG_WARN_DEPRECATED_OBJC_IMPLEMENTATIONS = YES;
				CLANG_WARN_DIRECT_OBJC_ISA_USAGE = YES_ERROR;
				CLANG_WARN_DOCUMENTATION_COMMENTS = YES;
				CLANG_WARN_EMPTY_BODY = YES;
				CLANG_WARN_ENUM_CONVERSION = YES;
				CLANG_WARN_INFINITE_RECURSION = YES;
				CLANG_WARN_INT_CONVERSION = YES;
				CLANG_WARN_NON_LITERAL_NULL_CONVERSION = YES;
				CLANG_WARN_OBJC_IMPLICIT_RETAIN_SELF = YES;
				CLANG_WARN_OBJC_LITERAL_CONVERSION = YES;
				CLANG_WARN_OBJC_ROOT_CLASS = YES_ERROR;
				CLANG_WARN_RANGE_LOOP_ANALYSIS = YES;
				CLANG_WARN_STRICT_PROTOTYPES = YES;
				CLANG_WARN_SUSPICIOUS_MOVE = YES;
				CLANG_WARN_UNGUARDED_AVAILABILITY = YES_AGGRESSIVE;
				CLANG_WARN_UNREACHABLE_CODE = YES;
				CLANG_WARN__DUPLICATE_METHOD_MATCH = YES;
				COPY_PHASE_STRIP = NO;
				DEBUG_INFORMATION_FORMAT = dwarf;
				ENABLE_STRICT_OBJC_MSGSEND = YES;
				ENABLE_TESTABILITY = YES;
				GCC_C_LANGUAGE_STANDARD = gnu11;
				GCC_DYNAMIC_NO_PIC = NO;
				GCC_NO_COMMON_BLOCKS = YES;
				GCC_OPTIMIZATION_LEVEL = 0;
				GCC_PREPROCESSOR_DEFINITIONS = (
					"DEBUG=1",
					"$(inherited)",
				);
				GCC_WARN_64_TO_32_BIT_CONVERSION = YES;
				GCC_WARN_ABOUT_RETURN_TYPE = YES_ERROR;
				GCC_WARN_UNDECLARED_SELECTOR = YES;
				GCC_WARN_UNINITIALIZED_AUTOS = YES_AGGRESSIVE;
				GCC_WARN_UNUSED_FUNCTION = YES;
				GCC_WARN_UNUSED_VARIABLE = YES;
				IPHONEOS_DEPLOYMENT_TARGET = 13.2;
				MTL_ENABLE_DEBUG_INFO = INCLUDE_SOURCE;
				MTL_FAST_MATH = YES;
				ONLY_ACTIVE_ARCH = YES;
				SDKROOT = iphoneos;
				SWIFT_ACTIVE_COMPILATION_CONDITIONS = DEBUG;
				SWIFT_OPTIMIZATION_LEVEL = "-Onone";
			};
			name = Debug;
		};
		CAFDDD47245D9AA6005C5E85 /* Release */ = {
			isa = XCBuildConfiguration;
			buildSettings = {
				ALWAYS_SEARCH_USER_PATHS = NO;
				CLANG_ANALYZER_NONNULL = YES;
				CLANG_ANALYZER_NUMBER_OBJECT_CONVERSION = YES_AGGRESSIVE;
				CLANG_CXX_LANGUAGE_STANDARD = "gnu++14";
				CLANG_CXX_LIBRARY = "libc++";
				CLANG_ENABLE_MODULES = YES;
				CLANG_ENABLE_OBJC_ARC = YES;
				CLANG_ENABLE_OBJC_WEAK = YES;
				CLANG_WARN_BLOCK_CAPTURE_AUTORELEASING = YES;
				CLANG_WARN_BOOL_CONVERSION = YES;
				CLANG_WARN_COMMA = YES;
				CLANG_WARN_CONSTANT_CONVERSION = YES;
				CLANG_WARN_DEPRECATED_OBJC_IMPLEMENTATIONS = YES;
				CLANG_WARN_DIRECT_OBJC_ISA_USAGE = YES_ERROR;
				CLANG_WARN_DOCUMENTATION_COMMENTS = YES;
				CLANG_WARN_EMPTY_BODY = YES;
				CLANG_WARN_ENUM_CONVERSION = YES;
				CLANG_WARN_INFINITE_RECURSION = YES;
				CLANG_WARN_INT_CONVERSION = YES;
				CLANG_WARN_NON_LITERAL_NULL_CONVERSION = YES;
				CLANG_WARN_OBJC_IMPLICIT_RETAIN_SELF = YES;
				CLANG_WARN_OBJC_LITERAL_CONVERSION = YES;
				CLANG_WARN_OBJC_ROOT_CLASS = YES_ERROR;
				CLANG_WARN_RANGE_LOOP_ANALYSIS = YES;
				CLANG_WARN_STRICT_PROTOTYPES = YES;
				CLANG_WARN_SUSPICIOUS_MOVE = YES;
				CLANG_WARN_UNGUARDED_AVAILABILITY = YES_AGGRESSIVE;
				CLANG_WARN_UNREACHABLE_CODE = YES;
				CLANG_WARN__DUPLICATE_METHOD_MATCH = YES;
				COPY_PHASE_STRIP = NO;
				DEBUG_INFORMATION_FORMAT = "dwarf-with-dsym";
				ENABLE_NS_ASSERTIONS = NO;
				ENABLE_STRICT_OBJC_MSGSEND = YES;
				GCC_C_LANGUAGE_STANDARD = gnu11;
				GCC_NO_COMMON_BLOCKS = YES;
				GCC_WARN_64_TO_32_BIT_CONVERSION = YES;
				GCC_WARN_ABOUT_RETURN_TYPE = YES_ERROR;
				GCC_WARN_UNDECLARED_SELECTOR = YES;
				GCC_WARN_UNINITIALIZED_AUTOS = YES_AGGRESSIVE;
				GCC_WARN_UNUSED_FUNCTION = YES;
				GCC_WARN_UNUSED_VARIABLE = YES;
				IPHONEOS_DEPLOYMENT_TARGET = 13.2;
				MTL_ENABLE_DEBUG_INFO = NO;
				MTL_FAST_MATH = YES;
				SDKROOT = iphoneos;
				SWIFT_COMPILATION_MODE = wholemodule;
				SWIFT_OPTIMIZATION_LEVEL = "-O";
				VALIDATE_PRODUCT = YES;
			};
			name = Release;
		};
		CAFDDD49245D9AA6005C5E85 /* Debug */ = {
			isa = XCBuildConfiguration;
			buildSettings = {
				ASSETCATALOG_COMPILER_APPICON_NAME = AppIcon;
				CODE_SIGN_STYLE = Automatic;
				ENABLE_PREVIEWS = YES;
				INFOPLIST_FILE = ObservationRegistry/Info.plist;
				LD_RUNPATH_SEARCH_PATHS = (
					"$(inherited)",
					"@executable_path/Frameworks",
				);
				PRODUCT_BUNDLE_IDENTIFIER = com.spegolski.ObservationRegistry;
				PRODUCT_NAME = "$(TARGET_NAME)";
				SWIFT_VERSION = 5.0;
				TARGETED_DEVICE_FAMILY = "1,2";
			};
			name = Debug;
		};
		CAFDDD4A245D9AA6005C5E85 /* Release */ = {
			isa = XCBuildConfiguration;
			buildSettings = {
				ASSETCATALOG_COMPILER_APPICON_NAME = AppIcon;
				CODE_SIGN_STYLE = Automatic;
				ENABLE_PREVIEWS = YES;
				INFOPLIST_FILE = ObservationRegistry/Info.plist;
				LD_RUNPATH_SEARCH_PATHS = (
					"$(inherited)",
					"@executable_path/Frameworks",
				);
				PRODUCT_BUNDLE_IDENTIFIER = com.spegolski.ObservationRegistry;
				PRODUCT_NAME = "$(TARGET_NAME)";
				SWIFT_VERSION = 5.0;
				TARGETED_DEVICE_FAMILY = "1,2";
			};
			name = Release;
		};
/* End XCBuildConfiguration section */

/* Begin XCConfigurationList section */
		CAFDDD2F245D9AA4005C5E85 /* Build configuration list for PBXProject "ObservationRegistry" */ = {
			isa = XCConfigurationList;
			buildConfigurations = (
				CAFDDD46245D9AA6005C5E85 /* Debug */,
				CAFDDD47245D9AA6005C5E85 /* Release */,
			);
			defaultConfigurationIsVisible = 0;
			defaultConfigurationName = Release;
		};
		CAFDDD48245D9AA6005C5E85 /* Build configuration list for PBXNativeTarget "ObservationRegistry" */ = {
			isa = XCConfigurationList;
			buildConfigurations = (
				CAFDDD49245D9AA6005C5E85 /* Debug */,
				CAFDDD4A245D9AA6005C5E85 /* Release */,
			);
			defaultConfigurationIsVisible = 0;
			defaultConfigurationName = Release;
		};
/* End XCConfigurationList section */
	};
	rootObject = CAFDDD2C245D9AA4005C5E85 /* Project object */;
}
